// !$*UTF8*$!
{
	archiveVersion = 1;
	classes = {
	};
	objectVersion = 77;
	objects = {

/* Begin PBXContainerItemProxy section */
		A0F4499D2DC603D30090CF12 /* PBXContainerItemProxy */ = {
			isa = PBXContainerItemProxy;
			containerPortal = A0F449832DC603D10090CF12 /* Project object */;
			proxyType = 1;
			remoteGlobalIDString = A0F4498A2DC603D10090CF12;
			remoteInfo = SidecarSelector;
		};
		A0F449A72DC603D30090CF12 /* PBXContainerItemProxy */ = {
			isa = PBXContainerItemProxy;
			containerPortal = A0F449832DC603D10090CF12 /* Project object */;
			proxyType = 1;
			remoteGlobalIDString = A0F4498A2DC603D10090CF12;
			remoteInfo = SidecarSelector;
		};
/* End PBXContainerItemProxy section */

/* Begin PBXFileReference section */
		A0F4498B2DC603D10090CF12 /* SidecarSelector.app */ = {isa = PBXFileReference; explicitFileType = wrapper.application; includeInIndex = 0; path = SidecarSelector.app; sourceTree = BUILT_PRODUCTS_DIR; };
		A0F4499C2DC603D30090CF12 /* SidecarSelectorTests.xctest */ = {isa = PBXFileReference; explicitFileType = wrapper.cfbundle; includeInIndex = 0; path = SidecarSelectorTests.xctest; sourceTree = BUILT_PRODUCTS_DIR; };
		A0F449A62DC603D30090CF12 /* SidecarSelectorUITests.xctest */ = {isa = PBXFileReference; explicitFileType = wrapper.cfbundle; includeInIndex = 0; path = SidecarSelectorUITests.xctest; sourceTree = BUILT_PRODUCTS_DIR; };
/* End PBXFileReference section */

/* Begin PBXFileSystemSynchronizedRootGroup section */
		A0F4498D2DC603D10090CF12 /* SidecarSelector */ = {
			isa = PBXFileSystemSynchronizedRootGroup;
			path = SidecarSelector;
			sourceTree = "<group>";
		};
		A0F4499F2DC603D30090CF12 /* SidecarSelectorTests */ = {
			isa = PBXFileSystemSynchronizedRootGroup;
			path = SidecarSelectorTests;
			sourceTree = "<group>";
		};
		A0F449A92DC603D30090CF12 /* SidecarSelectorUITests */ = {
			isa = PBXFileSystemSynchronizedRootGroup;
			path = SidecarSelectorUITests;
			sourceTree = "<group>";
		};
/* End PBXFileSystemSynchronizedRootGroup section */

/* Begin PBXFrameworksBuildPhase section */
		A0F449882DC603D10090CF12 /* Frameworks */ = {
			isa = PBXFrameworksBuildPhase;
			buildActionMask = 2147483647;
			files = (
			);
			runOnlyForDeploymentPostprocessing = 0;
		};
		A0F449992DC603D30090CF12 /* Frameworks */ = {
			isa = PBXFrameworksBuildPhase;
			buildActionMask = 2147483647;
			files = (
			);
			runOnlyForDeploymentPostprocessing = 0;
		};
		A0F449A32DC603D30090CF12 /* Frameworks */ = {
			isa = PBXFrameworksBuildPhase;
			buildActionMask = 2147483647;
			files = (
			);
			runOnlyForDeploymentPostprocessing = 0;
		};
/* End PBXFrameworksBuildPhase section */

/* Begin PBXGroup section */
		A0F449822DC603D10090CF12 = {
			isa = PBXGroup;
			children = (
				A0F4498D2DC603D10090CF12 /* SidecarSelector */,
				A0F4499F2DC603D30090CF12 /* SidecarSelectorTests */,
				A0F449A92DC603D30090CF12 /* SidecarSelectorUITests */,
				A0F4498C2DC603D10090CF12 /* Products */,
			);
			sourceTree = "<group>";
		};
		A0F4498C2DC603D10090CF12 /* Products */ = {
			isa = PBXGroup;
			children = (
				A0F4498B2DC603D10090CF12 /* SidecarSelector.app */,
				A0F4499C2DC603D30090CF12 /* SidecarSelectorTests.xctest */,
				A0F449A62DC603D30090CF12 /* SidecarSelectorUITests.xctest */,
			);
			name = Products;
			sourceTree = "<group>";
		};
/* End PBXGroup section */

/* Begin PBXNativeTarget section */
		A0F4498A2DC603D10090CF12 /* SidecarSelector */ = {
			isa = PBXNativeTarget;
			buildConfigurationList = A0F449B02DC603D30090CF12 /* Build configuration list for PBXNativeTarget "SidecarSelector" */;
			buildPhases = (
				A0F449872DC603D10090CF12 /* Sources */,
				A0F449882DC603D10090CF12 /* Frameworks */,
				A0F449892DC603D10090CF12 /* Resources */,
			);
			buildRules = (
			);
			dependencies = (
			);
			fileSystemSynchronizedGroups = (
				A0F4498D2DC603D10090CF12 /* SidecarSelector */,
			);
			name = SidecarSelector;
			packageProductDependencies = (
			);
			productName = SidecarSelector;
			productReference = A0F4498B2DC603D10090CF12 /* SidecarSelector.app */;
			productType = "com.apple.product-type.application";
		};
		A0F4499B2DC603D30090CF12 /* SidecarSelectorTests */ = {
			isa = PBXNativeTarget;
			buildConfigurationList = A0F449B32DC603D30090CF12 /* Build configuration list for PBXNativeTarget "SidecarSelectorTests" */;
			buildPhases = (
				A0F449982DC603D30090CF12 /* Sources */,
				A0F449992DC603D30090CF12 /* Frameworks */,
				A0F4499A2DC603D30090CF12 /* Resources */,
			);
			buildRules = (
			);
			dependencies = (
				A0F4499E2DC603D30090CF12 /* PBXTargetDependency */,
			);
			fileSystemSynchronizedGroups = (
				A0F4499F2DC603D30090CF12 /* SidecarSelectorTests */,
			);
			name = SidecarSelectorTests;
			packageProductDependencies = (
			);
			productName = SidecarSelectorTests;
			productReference = A0F4499C2DC603D30090CF12 /* SidecarSelectorTests.xctest */;
			productType = "com.apple.product-type.bundle.unit-test";
		};
		A0F449A52DC603D30090CF12 /* SidecarSelectorUITests */ = {
			isa = PBXNativeTarget;
			buildConfigurationList = A0F449B62DC603D30090CF12 /* Build configuration list for PBXNativeTarget "SidecarSelectorUITests" */;
			buildPhases = (
				A0F449A22DC603D30090CF12 /* Sources */,
				A0F449A32DC603D30090CF12 /* Frameworks */,
				A0F449A42DC603D30090CF12 /* Resources */,
			);
			buildRules = (
			);
			dependencies = (
				A0F449A82DC603D30090CF12 /* PBXTargetDependency */,
			);
			fileSystemSynchronizedGroups = (
				A0F449A92DC603D30090CF12 /* SidecarSelectorUITests */,
			);
			name = SidecarSelectorUITests;
			packageProductDependencies = (
			);
			productName = SidecarSelectorUITests;
			productReference = A0F449A62DC603D30090CF12 /* SidecarSelectorUITests.xctest */;
			productType = "com.apple.product-type.bundle.ui-testing";
		};
/* End PBXNativeTarget section */

/* Begin PBXProject section */
		A0F449832DC603D10090CF12 /* Project object */ = {
			isa = PBXProject;
			attributes = {
				BuildIndependentTargetsInParallel = 1;
				LastSwiftUpdateCheck = 1600;
				LastUpgradeCheck = 1600;
				TargetAttributes = {
					A0F4498A2DC603D10090CF12 = {
						CreatedOnToolsVersion = 16.0;
					};
					A0F4499B2DC603D30090CF12 = {
						CreatedOnToolsVersion = 16.0;
						TestTargetID = A0F4498A2DC603D10090CF12;
					};
					A0F449A52DC603D30090CF12 = {
						CreatedOnToolsVersion = 16.0;
						TestTargetID = A0F4498A2DC603D10090CF12;
					};
				};
			};
			buildConfigurationList = A0F449862DC603D10090CF12 /* Build configuration list for PBXProject "SidecarSelector" */;
			developmentRegion = en;
			hasScannedForEncodings = 0;
			knownRegions = (
				en,
				Base,
			);
			mainGroup = A0F449822DC603D10090CF12;
			minimizedProjectReferenceProxies = 1;
			preferredProjectObjectVersion = 77;
			productRefGroup = A0F4498C2DC603D10090CF12 /* Products */;
			projectDirPath = "";
			projectRoot = "";
			targets = (
				A0F4498A2DC603D10090CF12 /* SidecarSelector */,
				A0F4499B2DC603D30090CF12 /* SidecarSelectorTests */,
				A0F449A52DC603D30090CF12 /* SidecarSelectorUITests */,
			);
		};
/* End PBXProject section */

/* Begin PBXResourcesBuildPhase section */
		A0F449892DC603D10090CF12 /* Resources */ = {
			isa = PBXResourcesBuildPhase;
			buildActionMask = 2147483647;
			files = (
			);
			runOnlyForDeploymentPostprocessing = 0;
		};
		A0F4499A2DC603D30090CF12 /* Resources */ = {
			isa = PBXResourcesBuildPhase;
			buildActionMask = 2147483647;
			files = (
			);
			runOnlyForDeploymentPostprocessing = 0;
		};
		A0F449A42DC603D30090CF12 /* Resources */ = {
			isa = PBXResourcesBuildPhase;
			buildActionMask = 2147483647;
			files = (
			);
			runOnlyForDeploymentPostprocessing = 0;
		};
/* End PBXResourcesBuildPhase section */

/* Begin PBXSourcesBuildPhase section */
		A0F449872DC603D10090CF12 /* Sources */ = {
			isa = PBXSourcesBuildPhase;
			buildActionMask = 2147483647;
			files = (
			);
			runOnlyForDeploymentPostprocessing = 0;
		};
		A0F449982DC603D30090CF12 /* Sources */ = {
			isa = PBXSourcesBuildPhase;
			buildActionMask = 2147483647;
			files = (
			);
			runOnlyForDeploymentPostprocessing = 0;
		};
		A0F449A22DC603D30090CF12 /* Sources */ = {
			isa = PBXSourcesBuildPhase;
			buildActionMask = 2147483647;
			files = (
			);
			runOnlyForDeploymentPostprocessing = 0;
		};
/* End PBXSourcesBuildPhase section */

/* Begin PBXTargetDependency section */
		A0F4499E2DC603D30090CF12 /* PBXTargetDependency */ = {
			isa = PBXTargetDependency;
			target = A0F4498A2DC603D10090CF12 /* SidecarSelector */;
			targetProxy = A0F4499D2DC603D30090CF12 /* PBXContainerItemProxy */;
		};
		A0F449A82DC603D30090CF12 /* PBXTargetDependency */ = {
			isa = PBXTargetDependency;
			target = A0F4498A2DC603D10090CF12 /* SidecarSelector */;
			targetProxy = A0F449A72DC603D30090CF12 /* PBXContainerItemProxy */;
		};
/* End PBXTargetDependency section */

/* Begin XCBuildConfiguration section */
		A0F449AE2DC603D30090CF12 /* Debug */ = {
			isa = XCBuildConfiguration;
			buildSettings = {
				ALWAYS_SEARCH_USER_PATHS = NO;
				ASSETCATALOG_COMPILER_GENERATE_SWIFT_ASSET_SYMBOL_EXTENSIONS = YES;
				CLANG_ANALYZER_NONNULL = YES;
				CLANG_ANALYZER_NUMBER_OBJECT_CONVERSION = YES_AGGRESSIVE;
				CLANG_CXX_LANGUAGE_STANDARD = "gnu++20";
				CLANG_ENABLE_MODULES = YES;
				CLANG_ENABLE_OBJC_ARC = YES;
				CLANG_ENABLE_OBJC_WEAK = YES;
				CLANG_WARN_BLOCK_CAPTURE_AUTORELEASING = YES;
				CLANG_WARN_BOOL_CONVERSION = YES;
				CLANG_WARN_COMMA = YES;
				CLANG_WARN_CONSTANT_CONVERSION = YES;
				CLANG_WARN_DEPRECATED_OBJC_IMPLEMENTATIONS = YES;
				CLANG_WARN_DIRECT_OBJC_ISA_USAGE = YES_ERROR;
				CLANG_WARN_DOCUMENTATION_COMMENTS = YES;
				CLANG_WARN_EMPTY_BODY = YES;
				CLANG_WARN_ENUM_CONVERSION = YES;
				CLANG_WARN_INFINITE_RECURSION = YES;
				CLANG_WARN_INT_CONVERSION = YES;
				CLANG_WARN_NON_LITERAL_NULL_CONVERSION = YES;
				CLANG_WARN_OBJC_IMPLICIT_RETAIN_SELF = YES;
				CLANG_WARN_OBJC_LITERAL_CONVERSION = YES;
				CLANG_WARN_OBJC_ROOT_CLASS = YES_ERROR;
				CLANG_WARN_QUOTED_INCLUDE_IN_FRAMEWORK_HEADER = YES;
				CLANG_WARN_RANGE_LOOP_ANALYSIS = YES;
				CLANG_WARN_STRICT_PROTOTYPES = YES;
				CLANG_WARN_SUSPICIOUS_MOVE = YES;
				CLANG_WARN_UNGUARDED_AVAILABILITY = YES_AGGRESSIVE;
				CLANG_WARN_UNREACHABLE_CODE = YES;
				CLANG_WARN__DUPLICATE_METHOD_MATCH = YES;
				COPY_PHASE_STRIP = NO;
				DEBUG_INFORMATION_FORMAT = dwarf;
				ENABLE_STRICT_OBJC_MSGSEND = YES;
				ENABLE_TESTABILITY = YES;
				ENABLE_USER_SCRIPT_SANDBOXING = YES;
				GCC_C_LANGUAGE_STANDARD = gnu17;
				GCC_DYNAMIC_NO_PIC = NO;
				GCC_NO_COMMON_BLOCKS = YES;
				GCC_OPTIMIZATION_LEVEL = 0;
				GCC_PREPROCESSOR_DEFINITIONS = (
					"DEBUG=1",
					"$(inherited)",
				);
				GCC_WARN_64_TO_32_BIT_CONVERSION = YES;
				GCC_WARN_ABOUT_RETURN_TYPE = YES_ERROR;
				GCC_WARN_UNDECLARED_SELECTOR = YES;
				GCC_WARN_UNINITIALIZED_AUTOS = YES_AGGRESSIVE;
				GCC_WARN_UNUSED_FUNCTION = YES;
				GCC_WARN_UNUSED_VARIABLE = YES;
				LOCALIZATION_PREFERS_STRING_CATALOGS = YES;
				MACOSX_DEPLOYMENT_TARGET = 15.0;
				MTL_ENABLE_DEBUG_INFO = INCLUDE_SOURCE;
				MTL_FAST_MATH = YES;
				ONLY_ACTIVE_ARCH = YES;
				SDKROOT = macosx;
				SWIFT_ACTIVE_COMPILATION_CONDITIONS = "DEBUG $(inherited)";
				SWIFT_OPTIMIZATION_LEVEL = "-Onone";
			};
			name = Debug;
		};
		A0F449AF2DC603D30090CF12 /* Release */ = {
			isa = XCBuildConfiguration;
			buildSettings = {
				ALWAYS_SEARCH_USER_PATHS = NO;
				ASSETCATALOG_COMPILER_GENERATE_SWIFT_ASSET_SYMBOL_EXTENSIONS = YES;
				CLANG_ANALYZER_NONNULL = YES;
				CLANG_ANALYZER_NUMBER_OBJECT_CONVERSION = YES_AGGRESSIVE;
				CLANG_CXX_LANGUAGE_STANDARD = "gnu++20";
				CLANG_ENABLE_MODULES = YES;
				CLANG_ENABLE_OBJC_ARC = YES;
				CLANG_ENABLE_OBJC_WEAK = YES;
				CLANG_WARN_BLOCK_CAPTURE_AUTORELEASING = YES;
				CLANG_WARN_BOOL_CONVERSION = YES;
				CLANG_WARN_COMMA = YES;
				CLANG_WARN_CONSTANT_CONVERSION = YES;
				CLANG_WARN_DEPRECATED_OBJC_IMPLEMENTATIONS = YES;
				CLANG_WARN_DIRECT_OBJC_ISA_USAGE = YES_ERROR;
				CLANG_WARN_DOCUMENTATION_COMMENTS = YES;
				CLANG_WARN_EMPTY_BODY = YES;
				CLANG_WARN_ENUM_CONVERSION = YES;
				CLANG_WARN_INFINITE_RECURSION = YES;
				CLANG_WARN_INT_CONVERSION = YES;
				CLANG_WARN_NON_LITERAL_NULL_CONVERSION = YES;
				CLANG_WARN_OBJC_IMPLICIT_RETAIN_SELF = YES;
				CLANG_WARN_OBJC_LITERAL_CONVERSION = YES;
				CLANG_WARN_OBJC_ROOT_CLASS = YES_ERROR;
				CLANG_WARN_QUOTED_INCLUDE_IN_FRAMEWORK_HEADER = YES;
				CLANG_WARN_RANGE_LOOP_ANALYSIS = YES;
				CLANG_WARN_STRICT_PROTOTYPES = YES;
				CLANG_WARN_SUSPICIOUS_MOVE = YES;
				CLANG_WARN_UNGUARDED_AVAILABILITY = YES_AGGRESSIVE;
				CLANG_WARN_UNREACHABLE_CODE = YES;
				CLANG_WARN__DUPLICATE_METHOD_MATCH = YES;
				COPY_PHASE_STRIP = NO;
				DEBUG_INFORMATION_FORMAT = "dwarf-with-dsym";
				ENABLE_NS_ASSERTIONS = NO;
				ENABLE_STRICT_OBJC_MSGSEND = YES;
				ENABLE_USER_SCRIPT_SANDBOXING = YES;
				GCC_C_LANGUAGE_STANDARD = gnu17;
				GCC_NO_COMMON_BLOCKS = YES;
				GCC_WARN_64_TO_32_BIT_CONVERSION = YES;
				GCC_WARN_ABOUT_RETURN_TYPE = YES_ERROR;
				GCC_WARN_UNDECLARED_SELECTOR = YES;
				GCC_WARN_UNINITIALIZED_AUTOS = YES_AGGRESSIVE;
				GCC_WARN_UNUSED_FUNCTION = YES;
				GCC_WARN_UNUSED_VARIABLE = YES;
				LOCALIZATION_PREFERS_STRING_CATALOGS = YES;
				MACOSX_DEPLOYMENT_TARGET = 15.0;
				MTL_ENABLE_DEBUG_INFO = NO;
				MTL_FAST_MATH = YES;
				SDKROOT = macosx;
				SWIFT_COMPILATION_MODE = wholemodule;
			};
			name = Release;
		};
		A0F449B12DC603D30090CF12 /* Debug */ = {
			isa = XCBuildConfiguration;
			buildSettings = {
				ASSETCATALOG_COMPILER_APPICON_NAME = AppIcon;
				ASSETCATALOG_COMPILER_GLOBAL_ACCENT_COLOR_NAME = AccentColor;
				CODE_SIGN_ENTITLEMENTS = SidecarSelector/SidecarSelector.entitlements;
				CODE_SIGN_STYLE = Automatic;
				COMBINE_HIDPI_IMAGES = YES;
				CURRENT_PROJECT_VERSION = 1;
				DEVELOPMENT_ASSET_PATHS = "\"SidecarSelector/Preview Content\"";
				DEVELOPMENT_TEAM = Q38G82HX7B;
				ENABLE_HARDENED_RUNTIME = YES;
				ENABLE_PREVIEWS = YES;
				GENERATE_INFOPLIST_FILE = YES;
				INFOPLIST_KEY_NSHumanReadableCopyright = "";
				LD_RUNPATH_SEARCH_PATHS = (
					"$(inherited)",
					"@executable_path/../Frameworks",
				);
				MARKETING_VERSION = 1.0;
				PRODUCT_BUNDLE_IDENTIFIER = com.KokiShibata.SidecarSelector;
				PRODUCT_NAME = "$(TARGET_NAME)";
				SWIFT_EMIT_LOC_STRINGS = YES;
				SWIFT_VERSION = 5.0;
			};
			name = Debug;
		};
		A0F449B22DC603D30090CF12 /* Release */ = {
			isa = XCBuildConfiguration;
			buildSettings = {
				ASSETCATALOG_COMPILER_APPICON_NAME = AppIcon;
				ASSETCATALOG_COMPILER_GLOBAL_ACCENT_COLOR_NAME = AccentColor;
				CODE_SIGN_ENTITLEMENTS = SidecarSelector/SidecarSelector.entitlements;
				CODE_SIGN_STYLE = Automatic;
				COMBINE_HIDPI_IMAGES = YES;
				CURRENT_PROJECT_VERSION = 1;
				DEVELOPMENT_ASSET_PATHS = "\"SidecarSelector/Preview Content\"";
				DEVELOPMENT_TEAM = Q38G82HX7B;
				ENABLE_HARDENED_RUNTIME = YES;
				ENABLE_PREVIEWS = YES;
				GENERATE_INFOPLIST_FILE = YES;
				INFOPLIST_KEY_NSHumanReadableCopyright = "";
				LD_RUNPATH_SEARCH_PATHS = (
					"$(inherited)",
					"@executable_path/../Frameworks",
				);
				MARKETING_VERSION = 1.0;
				PRODUCT_BUNDLE_IDENTIFIER = com.KokiShibata.SidecarSelector;
				PRODUCT_NAME = "$(TARGET_NAME)";
				SWIFT_EMIT_LOC_STRINGS = YES;
				SWIFT_VERSION = 5.0;
			};
			name = Release;
		};
		A0F449B42DC603D30090CF12 /* Debug */ = {
			isa = XCBuildConfiguration;
			buildSettings = {
				BUNDLE_LOADER = "$(TEST_HOST)";
				CODE_SIGN_STYLE = Automatic;
				CURRENT_PROJECT_VERSION = 1;
				DEVELOPMENT_TEAM = Q38G82HX7B;
				GENERATE_INFOPLIST_FILE = YES;
				MACOSX_DEPLOYMENT_TARGET = 15.0;
				MARKETING_VERSION = 1.0;
				PRODUCT_BUNDLE_IDENTIFIER = com.KokiShibata.SidecarSelectorTests;
				PRODUCT_NAME = "$(TARGET_NAME)";
				SWIFT_EMIT_LOC_STRINGS = NO;
				SWIFT_VERSION = 5.0;
				TEST_HOST = "$(BUILT_PRODUCTS_DIR)/SidecarSelector.app/$(BUNDLE_EXECUTABLE_FOLDER_PATH)/SidecarSelector";
			};
			name = Debug;
		};
		A0F449B52DC603D30090CF12 /* Release */ = {
			isa = XCBuildConfiguration;
			buildSettings = {
				BUNDLE_LOADER = "$(TEST_HOST)";
				CODE_SIGN_STYLE = Automatic;
				CURRENT_PROJECT_VERSION = 1;
				DEVELOPMENT_TEAM = Q38G82HX7B;
				GENERATE_INFOPLIST_FILE = YES;
				MACOSX_DEPLOYMENT_TARGET = 15.0;
				MARKETING_VERSION = 1.0;
				PRODUCT_BUNDLE_IDENTIFIER = com.KokiShibata.SidecarSelectorTests;
				PRODUCT_NAME = "$(TARGET_NAME)";
				SWIFT_EMIT_LOC_STRINGS = NO;
				SWIFT_VERSION = 5.0;
				TEST_HOST = "$(BUILT_PRODUCTS_DIR)/SidecarSelector.app/$(BUNDLE_EXECUTABLE_FOLDER_PATH)/SidecarSelector";
			};
			name = Release;
		};
		A0F449B72DC603D30090CF12 /* Debug */ = {
			isa = XCBuildConfiguration;
			buildSettings = {
				CODE_SIGN_STYLE = Automatic;
				CURRENT_PROJECT_VERSION = 1;
				DEVELOPMENT_TEAM = Q38G82HX7B;
				GENERATE_INFOPLIST_FILE = YES;
				MARKETING_VERSION = 1.0;
				PRODUCT_BUNDLE_IDENTIFIER = com.KokiShibata.SidecarSelectorUITests;
				PRODUCT_NAME = "$(TARGET_NAME)";
				SWIFT_EMIT_LOC_STRINGS = NO;
				SWIFT_VERSION = 5.0;
				TEST_TARGET_NAME = SidecarSelector;
			};
			name = Debug;
		};
		A0F449B82DC603D30090CF12 /* Release */ = {
			isa = XCBuildConfiguration;
			buildSettings = {
				CODE_SIGN_STYLE = Automatic;
				CURRENT_PROJECT_VERSION = 1;
				DEVELOPMENT_TEAM = Q38G82HX7B;
				GENERATE_INFOPLIST_FILE = YES;
				MARKETING_VERSION = 1.0;
				PRODUCT_BUNDLE_IDENTIFIER = com.KokiShibata.SidecarSelectorUITests;
				PRODUCT_NAME = "$(TARGET_NAME)";
				SWIFT_EMIT_LOC_STRINGS = NO;
				SWIFT_VERSION = 5.0;
				TEST_TARGET_NAME = SidecarSelector;
			};
			name = Release;
		};
/* End XCBuildConfiguration section */

/* Begin XCConfigurationList section */
		A0F449862DC603D10090CF12 /* Build configuration list for PBXProject "SidecarSelector" */ = {
			isa = XCConfigurationList;
			buildConfigurations = (
				A0F449AE2DC603D30090CF12 /* Debug */,
				A0F449AF2DC603D30090CF12 /* Release */,
			);
			defaultConfigurationIsVisible = 0;
			defaultConfigurationName = Release;
		};
		A0F449B02DC603D30090CF12 /* Build configuration list for PBXNativeTarget "SidecarSelector" */ = {
			isa = XCConfigurationList;
			buildConfigurations = (
				A0F449B12DC603D30090CF12 /* Debug */,
				A0F449B22DC603D30090CF12 /* Release */,
			);
			defaultConfigurationIsVisible = 0;
			defaultConfigurationName = Release;
		};
		A0F449B32DC603D30090CF12 /* Build configuration list for PBXNativeTarget "SidecarSelectorTests" */ = {
			isa = XCConfigurationList;
			buildConfigurations = (
				A0F449B42DC603D30090CF12 /* Debug */,
				A0F449B52DC603D30090CF12 /* Release */,
			);
			defaultConfigurationIsVisible = 0;
			defaultConfigurationName = Release;
		};
		A0F449B62DC603D30090CF12 /* Build configuration list for PBXNativeTarget "SidecarSelectorUITests" */ = {
			isa = XCConfigurationList;
			buildConfigurations = (
				A0F449B72DC603D30090CF12 /* Debug */,
				A0F449B82DC603D30090CF12 /* Release */,
			);
			defaultConfigurationIsVisible = 0;
			defaultConfigurationName = Release;
		};
/* End XCConfigurationList section */
	};
	rootObject = A0F449832DC603D10090CF12 /* Project object */;
}
